
Microsoft Visual Studio Solution File, Format Version 12.00
# Visual Studio Version 17
VisualStudioVersion = 17.5.33530.505
MinimumVisualStudioVersion = 10.0.40219.1
Project("{FAE04EC0-301F-11D3-BF4B-00C04F79EFBC}") = "BilleteraVirtual_v5", "BilleteraVirtual_v5\BilleteraVirtual_v5.csproj", "{C6FECB67-34AA-4735-9664-74DE3CEBFCBB}"
EndProject
Global
	GlobalSection(SolutionConfigurationPlatforms) = preSolution
		Debug|Any CPU = Debug|Any CPU
		Release|Any CPU = Release|Any CPU
	EndGlobalSection
	GlobalSection(ProjectConfigurationPlatforms) = postSolution
		{C6FECB67-34AA-4735-9664-74DE3CEBFCBB}.Debug|Any CPU.ActiveCfg = Debug|Any CPU
		{C6FECB67-34AA-4735-9664-74DE3CEBFCBB}.Debug|Any CPU.Build.0 = Debug|Any CPU
		{C6FECB67-34AA-4735-9664-74DE3CEBFCBB}.Release|Any CPU.ActiveCfg = Release|Any CPU
		{C6FECB67-34AA-4735-9664-74DE3CEBFCBB}.Release|Any CPU.Build.0 = Release|Any CPU
	EndGlobalSection
	GlobalSection(SolutionProperties) = preSolution
		HideSolutionNode = FALSE
	EndGlobalSection
	GlobalSection(ExtensibilityGlobals) = postSolution
		SolutionGuid = {19A31855-1A6B-4E4A-8C78-9BEC1AC3A6EF}
	EndGlobalSection
EndGlobal
